
Microsoft Visual Studio Solution File, Format Version 12.00
# Visual Studio Version 17
VisualStudioVersion = 17.2.32526.322
MinimumVisualStudioVersion = 10.0.40219.1
Project("{F2A71F9B-5D33-465A-A702-920D77279786}") = "FunctionalProgramming", "FunctionalProgramming\FunctionalProgramming.fsproj", "{556415F4-79B7-4F76-B74F-7E9CA986BADF}"
EndProject
Global
	GlobalSection(SolutionConfigurationPlatforms) = preSolution
		Debug|Any CPU = Debug|Any CPU
		Release|Any CPU = Release|Any CPU
	EndGlobalSection
	GlobalSection(ProjectConfigurationPlatforms) = postSolution
		{556415F4-79B7-4F76-B74F-7E9CA986BADF}.Debug|Any CPU.ActiveCfg = Debug|Any CPU
		{556415F4-79B7-4F76-B74F-7E9CA986BADF}.Debug|Any CPU.Build.0 = Debug|Any CPU
		{556415F4-79B7-4F76-B74F-7E9CA986BADF}.Release|Any CPU.ActiveCfg = Release|Any CPU
		{556415F4-79B7-4F76-B74F-7E9CA986BADF}.Release|Any CPU.Build.0 = Release|Any CPU
	EndGlobalSection
	GlobalSection(SolutionProperties) = preSolution
		HideSolutionNode = FALSE
	EndGlobalSection
	GlobalSection(ExtensibilityGlobals) = postSolution
		SolutionGuid = {4B67A42C-82DD-41E5-8ACB-94DC382B450C}
	EndGlobalSection
EndGlobal
